
Microsoft Visual Studio Solution File, Format Version 12.00
# Visual Studio 15
VisualStudioVersion = 15.0.26730.16
MinimumVisualStudioVersion = 10.0.40219.1
Project("{9A19103F-16F7-4668-BE54-9A1E7A4F7556}") = "Mailer.NET", "src\Mailer.NET\Mailer.NET.csproj", "{2F995553-8522-456F-88D6-156BC9DE1638}"
EndProject
Project("{9A19103F-16F7-4668-BE54-9A1E7A4F7556}") = "SendEmailTest", "test\SendEmailTest\SendEmailTest.csproj", "{673F7CA1-2743-4E19-822A-29B57799F6B1}"
EndProject
Project("{9A19103F-16F7-4668-BE54-9A1E7A4F7556}") = "Mailer.Net.Transport.Debug", "src\Mailer.Net.Transport.Debug\Mailer.Net.Transport.Debug.csproj", "{D8E9AA9B-FCA3-4434-A06C-270A8795BCE6}"
EndProject
Project("{9A19103F-16F7-4668-BE54-9A1E7A4F7556}") = "Mailer.NET.Transport.Mailgun", "src\Mailer.NET.Transport.Mailgun\Mailer.NET.Transport.Mailgun.csproj", "{E3810B75-A90A-458E-BFDE-BAB3786BD4A2}"
EndProject
Global
	GlobalSection(SolutionConfigurationPlatforms) = preSolution
		Debug|Any CPU = Debug|Any CPU
		Release|Any CPU = Release|Any CPU
	EndGlobalSection
	GlobalSection(ProjectConfigurationPlatforms) = postSolution
		{2F995553-8522-456F-88D6-156BC9DE1638}.Debug|Any CPU.ActiveCfg = Release|Any CPU
		{2F995553-8522-456F-88D6-156BC9DE1638}.Debug|Any CPU.Build.0 = Release|Any CPU
		{2F995553-8522-456F-88D6-156BC9DE1638}.Release|Any CPU.ActiveCfg = Release|Any CPU
		{2F995553-8522-456F-88D6-156BC9DE1638}.Release|Any CPU.Build.0 = Release|Any CPU
		{673F7CA1-2743-4E19-822A-29B57799F6B1}.Debug|Any CPU.ActiveCfg = Debug|Any CPU
		{673F7CA1-2743-4E19-822A-29B57799F6B1}.Debug|Any CPU.Build.0 = Debug|Any CPU
		{673F7CA1-2743-4E19-822A-29B57799F6B1}.Release|Any CPU.ActiveCfg = Release|Any CPU
		{673F7CA1-2743-4E19-822A-29B57799F6B1}.Release|Any CPU.Build.0 = Release|Any CPU
		{D8E9AA9B-FCA3-4434-A06C-270A8795BCE6}.Debug|Any CPU.ActiveCfg = Debug|Any CPU
		{D8E9AA9B-FCA3-4434-A06C-270A8795BCE6}.Debug|Any CPU.Build.0 = Debug|Any CPU
		{D8E9AA9B-FCA3-4434-A06C-270A8795BCE6}.Release|Any CPU.ActiveCfg = Release|Any CPU
		{D8E9AA9B-FCA3-4434-A06C-270A8795BCE6}.Release|Any CPU.Build.0 = Release|Any CPU
		{E3810B75-A90A-458E-BFDE-BAB3786BD4A2}.Debug|Any CPU.ActiveCfg = Debug|Any CPU
		{E3810B75-A90A-458E-BFDE-BAB3786BD4A2}.Debug|Any CPU.Build.0 = Debug|Any CPU
		{E3810B75-A90A-458E-BFDE-BAB3786BD4A2}.Release|Any CPU.ActiveCfg = Release|Any CPU
		{E3810B75-A90A-458E-BFDE-BAB3786BD4A2}.Release|Any CPU.Build.0 = Release|Any CPU
	EndGlobalSection
	GlobalSection(SolutionProperties) = preSolution
		HideSolutionNode = FALSE
	EndGlobalSection
	GlobalSection(ExtensibilityGlobals) = postSolution
		SolutionGuid = {8F227241-BF63-41D0-857D-4F213C124759}
	EndGlobalSection
EndGlobal
