
Microsoft Visual Studio Solution File, Format Version 12.00
# Visual Studio 15
VisualStudioVersion = 15.0.26730.16
MinimumVisualStudioVersion = 10.0.40219.1
Project("{FAE04EC0-301F-11D3-BF4B-00C04F79EFBC}") = "Mailer.NET", "Mailer.NET\Mailer.NET.csproj", "{2F995553-8522-456F-88D6-156BC9DE1638}"
EndProject
Project("{2150E333-8FDC-42A3-9474-1A3956D46DE8}") = ".nuget", ".nuget", "{B06E26AD-9CCC-4291-8C64-3C64CE687A18}"
	ProjectSection(SolutionItems) = preProject
		.nuget\NuGet.Config = .nuget\NuGet.Config
		.nuget\NuGet.exe = .nuget\NuGet.exe
		.nuget\NuGet.targets = .nuget\NuGet.targets
	EndProjectSection
EndProject
Project("{FAE04EC0-301F-11D3-BF4B-00C04F79EFBC}") = "SendEmailTest", "SendEmailTest\SendEmailTest.csproj", "{673F7CA1-2743-4E19-822A-29B57799F6B1}"
EndProject
Global
	GlobalSection(SolutionConfigurationPlatforms) = preSolution
		Debug|Any CPU = Debug|Any CPU
		Release|Any CPU = Release|Any CPU
	EndGlobalSection
	GlobalSection(ProjectConfigurationPlatforms) = postSolution
		{2F995553-8522-456F-88D6-156BC9DE1638}.Debug|Any CPU.ActiveCfg = Release|Any CPU
		{2F995553-8522-456F-88D6-156BC9DE1638}.Debug|Any CPU.Build.0 = Release|Any CPU
		{2F995553-8522-456F-88D6-156BC9DE1638}.Release|Any CPU.ActiveCfg = Release|Any CPU
		{2F995553-8522-456F-88D6-156BC9DE1638}.Release|Any CPU.Build.0 = Release|Any CPU
		{673F7CA1-2743-4E19-822A-29B57799F6B1}.Debug|Any CPU.ActiveCfg = Release|Any CPU
		{673F7CA1-2743-4E19-822A-29B57799F6B1}.Debug|Any CPU.Build.0 = Release|Any CPU
		{673F7CA1-2743-4E19-822A-29B57799F6B1}.Release|Any CPU.ActiveCfg = Release|Any CPU
		{673F7CA1-2743-4E19-822A-29B57799F6B1}.Release|Any CPU.Build.0 = Release|Any CPU
	EndGlobalSection
	GlobalSection(SolutionProperties) = preSolution
		HideSolutionNode = FALSE
	EndGlobalSection
	GlobalSection(ExtensibilityGlobals) = postSolution
		SolutionGuid = {8F227241-BF63-41D0-857D-4F213C124759}
	EndGlobalSection
EndGlobal
